
Microsoft Visual Studio Solution File, Format Version 12.00
# Visual Studio Version 17
VisualStudioVersion = 17.7.34221.43
MinimumVisualStudioVersion = 10.0.40219.1
Project("{FAE04EC0-301F-11D3-BF4B-00C04F79EFBC}") = "StopwatchBehaviour", "StopwatchBehaviour\StopwatchBehaviour.csproj", "{9D7743C5-71E6-446E-9652-F32EE1C9F20B}"
EndProject
Global
	GlobalSection(SolutionConfigurationPlatforms) = preSolution
		Debug|Any CPU = Debug|Any CPU
		Release|Any CPU = Release|Any CPU
	EndGlobalSection
	GlobalSection(ProjectConfigurationPlatforms) = postSolution
		{9D7743C5-71E6-446E-9652-F32EE1C9F20B}.Debug|Any CPU.ActiveCfg = Debug|Any CPU
		{9D7743C5-71E6-446E-9652-F32EE1C9F20B}.Debug|Any CPU.Build.0 = Debug|Any CPU
		{9D7743C5-71E6-446E-9652-F32EE1C9F20B}.Debug|Any CPU.Deploy.0 = Debug|Any CPU
		{9D7743C5-71E6-446E-9652-F32EE1C9F20B}.Release|Any CPU.ActiveCfg = Release|Any CPU
		{9D7743C5-71E6-446E-9652-F32EE1C9F20B}.Release|Any CPU.Build.0 = Release|Any CPU
		{9D7743C5-71E6-446E-9652-F32EE1C9F20B}.Release|Any CPU.Deploy.0 = Release|Any CPU
	EndGlobalSection
	GlobalSection(SolutionProperties) = preSolution
		HideSolutionNode = FALSE
	EndGlobalSection
	GlobalSection(ExtensibilityGlobals) = postSolution
		SolutionGuid = {E7F5FFCD-6A95-447B-B87E-2BCAA2F940B7}
	EndGlobalSection
EndGlobal
